
Microsoft Visual Studio Solution File, Format Version 12.00
# Visual Studio Version 17
VisualStudioVersion = 17.7.34018.315
MinimumVisualStudioVersion = 10.0.40219.1
Project("{FAE04EC0-301F-11D3-BF4B-00C04F79EFBC}") = "Monefy", "Monefy\Monefy.csproj", "{EC71A601-1CAE-46B9-A458-67D75CA47300}"
EndProject
Global
	GlobalSection(SolutionConfigurationPlatforms) = preSolution
		Debug|Any CPU = Debug|Any CPU
		Release|Any CPU = Release|Any CPU
	EndGlobalSection
	GlobalSection(ProjectConfigurationPlatforms) = postSolution
		{EC71A601-1CAE-46B9-A458-67D75CA47300}.Debug|Any CPU.ActiveCfg = Debug|Any CPU
		{EC71A601-1CAE-46B9-A458-67D75CA47300}.Debug|Any CPU.Build.0 = Debug|Any CPU
		{EC71A601-1CAE-46B9-A458-67D75CA47300}.Release|Any CPU.ActiveCfg = Release|Any CPU
		{EC71A601-1CAE-46B9-A458-67D75CA47300}.Release|Any CPU.Build.0 = Release|Any CPU
	EndGlobalSection
	GlobalSection(SolutionProperties) = preSolution
		HideSolutionNode = FALSE
	EndGlobalSection
	GlobalSection(ExtensibilityGlobals) = postSolution
		SolutionGuid = {8BA58723-B5ED-48C0-97A8-A0932B3B4217}
	EndGlobalSection
EndGlobal
